lockfileVersion: '9.0'

settings:
  autoInstallPeers: true
  excludeLinksFromLockfile: false

importers:

  .:
    dependencies:
      ncp:
        specifier: ^2.0.0
        version: 2.0.0
    devDependencies:
      '@types/ncp':
        specifier: ^2.0.8
        version: 2.0.8

packages:

  '@types/ncp@2.0.8':
    resolution: {integrity: sha512-pLNWVLCVWBLVM4F2OPjjK6FWFtByFKD7LhHryF+MbVLws7ENj09mKxRFlhkGPOXfJuaBAG+2iADKJsZwnAbYDw==}

  '@types/node@22.13.10':
    resolution: {integrity: sha512-I6LPUvlRH+O6VRUqYOcMudhaIdUVWfsjnZavnsraHvpBwaEyMN29ry+0UVJhImYL16xsscu0aske3yA+uPOWfw==}

  ncp@2.0.0:
    resolution: {integrity: sha512-zIdGUrPRFTUELUvr3Gmc7KZ2Sw/h1PiVM0Af/oHB6zgnV1ikqSfRk+TOufi79aHYCW3NiOXmr1BP5nWbzojLaA==}
    hasBin: true

  undici-types@6.20.0:
    resolution: {integrity: sha512-Ny6QZ2Nju20vw1SRHe3d9jVu6gJ+4e3+MMpqu7pqE5HT6WsTSlce++GQmK5UXS8mzV8DSYHrQH+Xrf2jVcuKNg==}

snapshots:

  '@types/ncp@2.0.8':
    dependencies:
      '@types/node': 22.13.10

  '@types/node@22.13.10':
    dependencies:
      undici-types: 6.20.0

  ncp@2.0.0: {}

  undici-types@6.20.0: {}
